// !$*UTF8*$!
{
	archiveVersion = 1;
	classes = {
	};
	objectVersion = 77;
	objects = {

/* Begin PBXContainerItemProxy section */
		5ED16F1D2F7C05F5009EB0DA /* PBXContainerItemProxy */ = {
			isa = PBXContainerItemProxy;
			containerPortal = 5ED16F032F7C05F3009EB0DA /* Project object */;
			proxyType = 1;
			remoteGlobalIDString = 5ED16F0A2F7C05F3009EB0DA;
			remoteInfo = Sprayd;
		};
		5ED16F272F7C05F5009EB0DA /* PBXContainerItemProxy */ = {
			isa = PBXContainerItemProxy;
			containerPortal = 5ED16F032F7C05F3009EB0DA /* Project object */;
			proxyType = 1;
			remoteGlobalIDString = 5ED16F0A2F7C05F3009EB0DA;
			remoteInfo = Sprayd;
		};
/* End PBXContainerItemProxy section */

/* Begin PBXFileReference section */
		5ED16F0B2F7C05F3009EB0DA /* Sprayd.app */ = {isa = PBXFileReference; explicitFileType = wrapper.application; includeInIndex = 0; path = Sprayd.app; sourceTree = BUILT_PRODUCTS_DIR; };
		5ED16F1C2F7C05F5009EB0DA /* SpraydTests.xctest */ = {isa = PBXFileReference; explicitFileType = wrapper.cfbundle; includeInIndex = 0; path = SpraydTests.xctest; sourceTree = BUILT_PRODUCTS_DIR; };
		5ED16F262F7C05F5009EB0DA /* SpraydUITests.xctest */ = {isa = PBXFileReference; explicitFileType = wrapper.cfbundle; includeInIndex = 0; path = SpraydUITests.xctest; sourceTree = BUILT_PRODUCTS_DIR; };
/* End PBXFileReference section */

/* Begin PBXFileSystemSynchronizedBuildFileExceptionSet section */
		59B456432F7D5CF2002447EB /* Exceptions for "Sprayd" folder in "SpraydTests" target */ = {
			isa = PBXFileSystemSynchronizedBuildFileExceptionSet;
			membershipExceptions = (
				Assets/Fonts/ClimateCrisis.ttf,
				"Assets/Fonts/InstrumentSans-Bold.ttf",
				"Assets/Fonts/InstrumentSans-Medium.ttf",
				"Assets/Fonts/InstrumentSans-Regular.ttf",
				"Assets/Fonts/InstrumentSans-SemiBold.ttf",
			);
			target = 5ED16F1B2F7C05F5009EB0DA /* SpraydTests */;
		};
		59B456442F7D5CF2002447EB /* Exceptions for "Sprayd" folder in "SpraydUITests" target */ = {
			isa = PBXFileSystemSynchronizedBuildFileExceptionSet;
			membershipExceptions = (
				Assets/Fonts/ClimateCrisis.ttf,
				"Assets/Fonts/InstrumentSans-Bold.ttf",
				"Assets/Fonts/InstrumentSans-Medium.ttf",
				"Assets/Fonts/InstrumentSans-Regular.ttf",
				"Assets/Fonts/InstrumentSans-SemiBold.ttf",
			);
			target = 5ED16F252F7C05F5009EB0DA /* SpraydUITests */;
		};
		5ED16F2E2F7C05F5009EB0DA /* Exceptions for "Sprayd" folder in "Sprayd" target */ = {
			isa = PBXFileSystemSynchronizedBuildFileExceptionSet;
			membershipExceptions = (
				Info.plist,
			);
			target = 5ED16F0A2F7C05F3009EB0DA /* Sprayd */;
		};
/* End PBXFileSystemSynchronizedBuildFileExceptionSet section */

/* Begin PBXFileSystemSynchronizedRootGroup section */
		5ED16F0D2F7C05F3009EB0DA /* Sprayd */ = {
			isa = PBXFileSystemSynchronizedRootGroup;
			exceptions = (
				5ED16F2E2F7C05F5009EB0DA /* Exceptions for "Sprayd" folder in "Sprayd" target */,
				59B456432F7D5CF2002447EB /* Exceptions for "Sprayd" folder in "SpraydTests" target */,
				59B456442F7D5CF2002447EB /* Exceptions for "Sprayd" folder in "SpraydUITests" target */,
			);
			path = Sprayd;
			sourceTree = "<group>";
		};
		5ED16F1F2F7C05F5009EB0DA /* SpraydTests */ = {
			isa = PBXFileSystemSynchronizedRootGroup;
			path = SpraydTests;
			sourceTree = "<group>";
		};
		5ED16F292F7C05F5009EB0DA /* SpraydUITests */ = {
			isa = PBXFileSystemSynchronizedRootGroup;
			path = SpraydUITests;
			sourceTree = "<group>";
		};
/* End PBXFileSystemSynchronizedRootGroup section */

/* Begin PBXFrameworksBuildPhase section */
		5ED16F082F7C05F3009EB0DA /* Frameworks */ = {
			isa = PBXFrameworksBuildPhase;
			buildActionMask = 2147483647;
			files = (
			);
			runOnlyForDeploymentPostprocessing = 0;
		};
		5ED16F192F7C05F5009EB0DA /* Frameworks */ = {
			isa = PBXFrameworksBuildPhase;
			buildActionMask = 2147483647;
			files = (
			);
			runOnlyForDeploymentPostprocessing = 0;
		};
		5ED16F232F7C05F5009EB0DA /* Frameworks */ = {
			isa = PBXFrameworksBuildPhase;
			buildActionMask = 2147483647;
			files = (
			);
			runOnlyForDeploymentPostprocessing = 0;
		};
/* End PBXFrameworksBuildPhase section */

/* Begin PBXGroup section */
		5ED16F022F7C05F3009EB0DA = {
			isa = PBXGroup;
			children = (
				5ED16F0D2F7C05F3009EB0DA /* Sprayd */,
				5ED16F1F2F7C05F5009EB0DA /* SpraydTests */,
				5ED16F292F7C05F5009EB0DA /* SpraydUITests */,
				5ED16F0C2F7C05F3009EB0DA /* Products */,
			);
			sourceTree = "<group>";
		};
		5ED16F0C2F7C05F3009EB0DA /* Products */ = {
			isa = PBXGroup;
			children = (
				5ED16F0B2F7C05F3009EB0DA /* Sprayd.app */,
				5ED16F1C2F7C05F5009EB0DA /* SpraydTests.xctest */,
				5ED16F262F7C05F5009EB0DA /* SpraydUITests.xctest */,
			);
			name = Products;
			sourceTree = "<group>";
		};
/* End PBXGroup section */

/* Begin PBXNativeTarget section */
		5ED16F0A2F7C05F3009EB0DA /* Sprayd */ = {
			isa = PBXNativeTarget;
			buildConfigurationList = 5ED16F2F2F7C05F5009EB0DA /* Build configuration list for PBXNativeTarget "Sprayd" */;
			buildPhases = (
				5ED16F072F7C05F3009EB0DA /* Sources */,
				5ED16F082F7C05F3009EB0DA /* Frameworks */,
				5ED16F092F7C05F3009EB0DA /* Resources */,
			);
			buildRules = (
			);
			dependencies = (
			);
			fileSystemSynchronizedGroups = (
				5ED16F0D2F7C05F3009EB0DA /* Sprayd */,
			);
			name = Sprayd;
			packageProductDependencies = (
			);
			productName = Sprayd;
			productReference = 5ED16F0B2F7C05F3009EB0DA /* Sprayd.app */;
			productType = "com.apple.product-type.application";
		};
		5ED16F1B2F7C05F5009EB0DA /* SpraydTests */ = {
			isa = PBXNativeTarget;
			buildConfigurationList = 5ED16F342F7C05F5009EB0DA /* Build configuration list for PBXNativeTarget "SpraydTests" */;
			buildPhases = (
				5ED16F182F7C05F5009EB0DA /* Sources */,
				5ED16F192F7C05F5009EB0DA /* Frameworks */,
				5ED16F1A2F7C05F5009EB0DA /* Resources */,
			);
			buildRules = (
			);
			dependencies = (
				5ED16F1E2F7C05F5009EB0DA /* PBXTargetDependency */,
			);
			fileSystemSynchronizedGroups = (
				5ED16F1F2F7C05F5009EB0DA /* SpraydTests */,
			);
			name = SpraydTests;
			packageProductDependencies = (
			);
			productName = SpraydTests;
			productReference = 5ED16F1C2F7C05F5009EB0DA /* SpraydTests.xctest */;
			productType = "com.apple.product-type.bundle.unit-test";
		};
		5ED16F252F7C05F5009EB0DA /* SpraydUITests */ = {
			isa = PBXNativeTarget;
			buildConfigurationList = 5ED16F372F7C05F5009EB0DA /* Build configuration list for PBXNativeTarget "SpraydUITests" */;
			buildPhases = (
				5ED16F222F7C05F5009EB0DA /* Sources */,
				5ED16F232F7C05F5009EB0DA /* Frameworks */,
				5ED16F242F7C05F5009EB0DA /* Resources */,
			);
			buildRules = (
			);
			dependencies = (
				5ED16F282F7C05F5009EB0DA /* PBXTargetDependency */,
			);
			fileSystemSynchronizedGroups = (
				5ED16F292F7C05F5009EB0DA /* SpraydUITests */,
			);
			name = SpraydUITests;
			packageProductDependencies = (
			);
			productName = SpraydUITests;
			productReference = 5ED16F262F7C05F5009EB0DA /* SpraydUITests.xctest */;
			productType = "com.apple.product-type.bundle.ui-testing";
		};
/* End PBXNativeTarget section */

/* Begin PBXProject section */
		5ED16F032F7C05F3009EB0DA /* Project object */ = {
			isa = PBXProject;
			attributes = {
				BuildIndependentTargetsInParallel = 1;
				LastSwiftUpdateCheck = 2630;
				LastUpgradeCheck = 2630;
				TargetAttributes = {
					5ED16F0A2F7C05F3009EB0DA = {
						CreatedOnToolsVersion = 26.3;
					};
					5ED16F1B2F7C05F5009EB0DA = {
						CreatedOnToolsVersion = 26.3;
						TestTargetID = 5ED16F0A2F7C05F3009EB0DA;
					};
					5ED16F252F7C05F5009EB0DA = {
						CreatedOnToolsVersion = 26.3;
						TestTargetID = 5ED16F0A2F7C05F3009EB0DA;
					};
				};
			};
			buildConfigurationList = 5ED16F062F7C05F3009EB0DA /* Build configuration list for PBXProject "Sprayd" */;
			developmentRegion = en;
			hasScannedForEncodings = 0;
			knownRegions = (
				en,
				Base,
				ru,
			);
			mainGroup = 5ED16F022F7C05F3009EB0DA;
			minimizedProjectReferenceProxies = 1;
			preferredProjectObjectVersion = 77;
			productRefGroup = 5ED16F0C2F7C05F3009EB0DA /* Products */;
			projectDirPath = "";
			projectRoot = "";
			targets = (
				5ED16F0A2F7C05F3009EB0DA /* Sprayd */,
				5ED16F1B2F7C05F5009EB0DA /* SpraydTests */,
				5ED16F252F7C05F5009EB0DA /* SpraydUITests */,
			);
		};
/* End PBXProject section */

/* Begin PBXResourcesBuildPhase section */
		5ED16F092F7C05F3009EB0DA /* Resources */ = {
			isa = PBXResourcesBuildPhase;
			buildActionMask = 2147483647;
			files = (
			);
			runOnlyForDeploymentPostprocessing = 0;
		};
		5ED16F1A2F7C05F5009EB0DA /* Resources */ = {
			isa = PBXResourcesBuildPhase;
			buildActionMask = 2147483647;
			files = (
			);
			runOnlyForDeploymentPostprocessing = 0;
		};
		5ED16F242F7C05F5009EB0DA /* Resources */ = {
			isa = PBXResourcesBuildPhase;
			buildActionMask = 2147483647;
			files = (
			);
			runOnlyForDeploymentPostprocessing = 0;
		};
/* End PBXResourcesBuildPhase section */

/* Begin PBXSourcesBuildPhase section */
		5ED16F072F7C05F3009EB0DA /* Sources */ = {
			isa = PBXSourcesBuildPhase;
			buildActionMask = 2147483647;
			files = (
			);
			runOnlyForDeploymentPostprocessing = 0;
		};
		5ED16F182F7C05F5009EB0DA /* Sources */ = {
			isa = PBXSourcesBuildPhase;
			buildActionMask = 2147483647;
			files = (
			);
			runOnlyForDeploymentPostprocessing = 0;
		};
		5ED16F222F7C05F5009EB0DA /* Sources */ = {
			isa = PBXSourcesBuildPhase;
			buildActionMask = 2147483647;
			files = (
			);
			runOnlyForDeploymentPostprocessing = 0;
		};
/* End PBXSourcesBuildPhase section */

/* Begin PBXTargetDependency section */
		5ED16F1E2F7C05F5009EB0DA /* PBXTargetDependency */ = {
			isa = PBXTargetDependency;
			target = 5ED16F0A2F7C05F3009EB0DA /* Sprayd */;
			targetProxy = 5ED16F1D2F7C05F5009EB0DA /* PBXContainerItemProxy */;
		};
		5ED16F282F7C05F5009EB0DA /* PBXTargetDependency */ = {
			isa = PBXTargetDependency;
			target = 5ED16F0A2F7C05F3009EB0DA /* Sprayd */;
			targetProxy = 5ED16F272F7C05F5009EB0DA /* PBXContainerItemProxy */;
		};
/* End PBXTargetDependency section */

/* Begin XCBuildConfiguration section */
		5ED16F302F7C05F5009EB0DA /* Debug */ = {
			isa = XCBuildConfiguration;
			buildSettings = {
				ASSETCATALOG_COMPILER_APPICON_NAME = AppIcon;
				ASSETCATALOG_COMPILER_GLOBAL_ACCENT_COLOR_NAME = AccentColor;
				CODE_SIGN_ENTITLEMENTS = Sprayd/Sprayd.entitlements;
				CODE_SIGN_STYLE = Automatic;
				CURRENT_PROJECT_VERSION = 1;
				DEVELOPMENT_TEAM = "";
				ENABLE_PREVIEWS = YES;
				GENERATE_INFOPLIST_FILE = YES;
				INFOPLIST_FILE = Sprayd/Info.plist;
				INFOPLIST_KEY_UIApplicationSceneManifest_Generation = YES;
				INFOPLIST_KEY_UIApplicationSupportsIndirectInputEvents = YES;
				INFOPLIST_KEY_UILaunchScreen_Generation = YES;
				INFOPLIST_KEY_UISupportedInterfaceOrientations_iPad = "UIInterfaceOrientationPortrait UIInterfaceOrientationPortraitUpsideDown UIInterfaceOrientationLandscapeLeft UIInterfaceOrientationLandscapeRight";
				INFOPLIST_KEY_UISupportedInterfaceOrientations_iPhone = "UIInterfaceOrientationPortrait UIInterfaceOrientationLandscapeLeft UIInterfaceOrientationLandscapeRight";
				IPHONEOS_DEPLOYMENT_TARGET = 18.0;
				LD_RUNPATH_SEARCH_PATHS = (
					"$(inherited)",
					"@executable_path/Frameworks",
				);
				MARKETING_VERSION = 1.0;
				PRODUCT_BUNDLE_IDENTIFIER = siriusTeam.Sprayd;
				PRODUCT_NAME = "$(TARGET_NAME)";
				STRING_CATALOG_GENERATE_SYMBOLS = YES;
				SWIFT_APPROACHABLE_CONCURRENCY = YES;
				SWIFT_DEFAULT_ACTOR_ISOLATION = MainActor;
				SWIFT_EMIT_LOC_STRINGS = YES;
				SWIFT_UPCOMING_FEATURE_MEMBER_IMPORT_VISIBILITY = YES;
				SWIFT_VERSION = 5.0;
				TARGETED_DEVICE_FAMILY = "1,2";
			};
			name = Debug;
		};
		5ED16F312F7C05F5009EB0DA /* Release */ = {
			isa = XCBuildConfiguration;
			buildSettings = {
				ASSETCATALOG_COMPILER_APPICON_NAME = AppIcon;
				ASSETCATALOG_COMPILER_GLOBAL_ACCENT_COLOR_NAME = AccentColor;
				CODE_SIGN_ENTITLEMENTS = Sprayd/Sprayd.entitlements;
				CODE_SIGN_STYLE = Automatic;
				CURRENT_PROJECT_VERSION = 1;
				DEVELOPMENT_TEAM = "";
				ENABLE_PREVIEWS = YES;
				GENERATE_INFOPLIST_FILE = YES;
				INFOPLIST_FILE = Sprayd/Info.plist;
				INFOPLIST_KEY_UIApplicationSceneManifest_Generation = YES;
				INFOPLIST_KEY_UIApplicationSupportsIndirectInputEvents = YES;
				INFOPLIST_KEY_UILaunchScreen_Generation = YES;
				INFOPLIST_KEY_UISupportedInterfaceOrientations_iPad = "UIInterfaceOrientationPortrait UIInterfaceOrientationPortraitUpsideDown UIInterfaceOrientationLandscapeLeft UIInterfaceOrientationLandscapeRight";
				INFOPLIST_KEY_UISupportedInterfaceOrientations_iPhone = "UIInterfaceOrientationPortrait UIInterfaceOrientationLandscapeLeft UIInterfaceOrientationLandscapeRight";
				IPHONEOS_DEPLOYMENT_TARGET = 18.0;
				LD_RUNPATH_SEARCH_PATHS = (
					"$(inherited)",
					"@executable_path/Frameworks",
				);
				MARKETING_VERSION = 1.0;
				PRODUCT_BUNDLE_IDENTIFIER = siriusTeam.Sprayd;
				PRODUCT_NAME = "$(TARGET_NAME)";
				STRING_CATALOG_GENERATE_SYMBOLS = YES;
				SWIFT_APPROACHABLE_CONCURRENCY = YES;
				SWIFT_DEFAULT_ACTOR_ISOLATION = MainActor;
				SWIFT_EMIT_LOC_STRINGS = YES;
				SWIFT_UPCOMING_FEATURE_MEMBER_IMPORT_VISIBILITY = YES;
				SWIFT_VERSION = 5.0;
				TARGETED_DEVICE_FAMILY = "1,2";
			};
			name = Release;
		};
		5ED16F322F7C05F5009EB0DA /* Debug */ = {
			isa = XCBuildConfiguration;
			buildSettings = {
				ALWAYS_SEARCH_USER_PATHS = NO;
				ASSETCATALOG_COMPILER_GENERATE_SWIFT_ASSET_SYMBOL_EXTENSIONS = YES;
				CLANG_ANALYZER_NONNULL = YES;
				CLANG_ANALYZER_NUMBER_OBJECT_CONVERSION = YES_AGGRESSIVE;
				CLANG_CXX_LANGUAGE_STANDARD = "gnu++20";
				CLANG_ENABLE_MODULES = YES;
				CLANG_ENABLE_OBJC_ARC = YES;
				CLANG_ENABLE_OBJC_WEAK = YES;
				CLANG_WARN_BLOCK_CAPTURE_AUTORELEASING = YES;
				CLANG_WARN_BOOL_CONVERSION = YES;
				CLANG_WARN_COMMA = YES;
				CLANG_WARN_CONSTANT_CONVERSION = YES;
				CLANG_WARN_DEPRECATED_OBJC_IMPLEMENTATIONS = YES;
				CLANG_WARN_DIRECT_OBJC_ISA_USAGE = YES_ERROR;
				CLANG_WARN_DOCUMENTATION_COMMENTS = YES;
				CLANG_WARN_EMPTY_BODY = YES;
				CLANG_WARN_ENUM_CONVERSION = YES;
				CLANG_WARN_INFINITE_RECURSION = YES;
				CLANG_WARN_INT_CONVERSION = YES;
				CLANG_WARN_NON_LITERAL_NULL_CONVERSION = YES;
				CLANG_WARN_OBJC_IMPLICIT_RETAIN_SELF = YES;
				CLANG_WARN_OBJC_LITERAL_CONVERSION = YES;
				CLANG_WARN_OBJC_ROOT_CLASS = YES_ERROR;
				CLANG_WARN_QUOTED_INCLUDE_IN_FRAMEWORK_HEADER = YES;
				CLANG_WARN_RANGE_LOOP_ANALYSIS = YES;
				CLANG_WARN_STRICT_PROTOTYPES = YES;
				CLANG_WARN_SUSPICIOUS_MOVE = YES;
				CLANG_WARN_UNGUARDED_AVAILABILITY = YES_AGGRESSIVE;
				CLANG_WARN_UNREACHABLE_CODE = YES;
				CLANG_WARN__DUPLICATE_METHOD_MATCH = YES;
				COPY_PHASE_STRIP = NO;
				DEBUG_INFORMATION_FORMAT = dwarf;
				ENABLE_STRICT_OBJC_MSGSEND = YES;
				ENABLE_TESTABILITY = YES;
				ENABLE_USER_SCRIPT_SANDBOXING = YES;
				GCC_C_LANGUAGE_STANDARD = gnu17;
				GCC_DYNAMIC_NO_PIC = NO;
				GCC_NO_COMMON_BLOCKS = YES;
				GCC_OPTIMIZATION_LEVEL = 0;
				GCC_PREPROCESSOR_DEFINITIONS = (
					"DEBUG=1",
					"$(inherited)",
				);
				GCC_WARN_64_TO_32_BIT_CONVERSION = YES;
				GCC_WARN_ABOUT_RETURN_TYPE = YES_ERROR;
				GCC_WARN_UNDECLARED_SELECTOR = YES;
				GCC_WARN_UNINITIALIZED_AUTOS = YES_AGGRESSIVE;
				GCC_WARN_UNUSED_FUNCTION = YES;
				GCC_WARN_UNUSED_VARIABLE = YES;
				IPHONEOS_DEPLOYMENT_TARGET = 18.0;
				LOCALIZATION_PREFERS_STRING_CATALOGS = YES;
				MTL_ENABLE_DEBUG_INFO = INCLUDE_SOURCE;
				MTL_FAST_MATH = YES;
				ONLY_ACTIVE_ARCH = YES;
				SDKROOT = iphoneos;
				SWIFT_ACTIVE_COMPILATION_CONDITIONS = "DEBUG $(inherited)";
				SWIFT_EMIT_LOC_STRINGS = YES;
				SWIFT_OPTIMIZATION_LEVEL = "-Onone";
			};
			name = Debug;
		};
		5ED16F332F7C05F5009EB0DA /* Release */ = {
			isa = XCBuildConfiguration;
			buildSettings = {
				ALWAYS_SEARCH_USER_PATHS = NO;
				ASSETCATALOG_COMPILER_GENERATE_SWIFT_ASSET_SYMBOL_EXTENSIONS = YES;
				CLANG_ANALYZER_NONNULL = YES;
				CLANG_ANALYZER_NUMBER_OBJECT_CONVERSION = YES_AGGRESSIVE;
				CLANG_CXX_LANGUAGE_STANDARD = "gnu++20";
				CLANG_ENABLE_MODULES = YES;
				CLANG_ENABLE_OBJC_ARC = YES;
				CLANG_ENABLE_OBJC_WEAK = YES;
				CLANG_WARN_BLOCK_CAPTURE_AUTORELEASING = YES;
				CLANG_WARN_BOOL_CONVERSION = YES;
				CLANG_WARN_COMMA = YES;
				CLANG_WARN_CONSTANT_CONVERSION = YES;
				CLANG_WARN_DEPRECATED_OBJC_IMPLEMENTATIONS = YES;
				CLANG_WARN_DIRECT_OBJC_ISA_USAGE = YES_ERROR;
				CLANG_WARN_DOCUMENTATION_COMMENTS = YES;
				CLANG_WARN_EMPTY_BODY = YES;
				CLANG_WARN_ENUM_CONVERSION = YES;
				CLANG_WARN_INFINITE_RECURSION = YES;
				CLANG_WARN_INT_CONVERSION = YES;
				CLANG_WARN_NON_LITERAL_NULL_CONVERSION = YES;
				CLANG_WARN_OBJC_IMPLICIT_RETAIN_SELF = YES;
				CLANG_WARN_OBJC_LITERAL_CONVERSION = YES;
				CLANG_WARN_OBJC_ROOT_CLASS = YES_ERROR;
				CLANG_WARN_QUOTED_INCLUDE_IN_FRAMEWORK_HEADER = YES;
				CLANG_WARN_RANGE_LOOP_ANALYSIS = YES;
				CLANG_WARN_STRICT_PROTOTYPES = YES;
				CLANG_WARN_SUSPICIOUS_MOVE = YES;
				CLANG_WARN_UNGUARDED_AVAILABILITY = YES_AGGRESSIVE;
				CLANG_WARN_UNREACHABLE_CODE = YES;
				CLANG_WARN__DUPLICATE_METHOD_MATCH = YES;
				COPY_PHASE_STRIP = NO;
				DEBUG_INFORMATION_FORMAT = "dwarf-with-dsym";
				ENABLE_NS_ASSERTIONS = NO;
				ENABLE_STRICT_OBJC_MSGSEND = YES;
				ENABLE_USER_SCRIPT_SANDBOXING = YES;
				GCC_C_LANGUAGE_STANDARD = gnu17;
				GCC_NO_COMMON_BLOCKS = YES;
				GCC_WARN_64_TO_32_BIT_CONVERSION = YES;
				GCC_WARN_ABOUT_RETURN_TYPE = YES_ERROR;
				GCC_WARN_UNDECLARED_SELECTOR = YES;
				GCC_WARN_UNINITIALIZED_AUTOS = YES_AGGRESSIVE;
				GCC_WARN_UNUSED_FUNCTION = YES;
				GCC_WARN_UNUSED_VARIABLE = YES;
				IPHONEOS_DEPLOYMENT_TARGET = 18.0;
				LOCALIZATION_PREFERS_STRING_CATALOGS = YES;
				MTL_ENABLE_DEBUG_INFO = NO;
				MTL_FAST_MATH = YES;
				SDKROOT = iphoneos;
				SWIFT_COMPILATION_MODE = wholemodule;
				SWIFT_EMIT_LOC_STRINGS = YES;
				VALIDATE_PRODUCT = YES;
			};
			name = Release;
		};
		5ED16F352F7C05F5009EB0DA /* Debug */ = {
			isa = XCBuildConfiguration;
			buildSettings = {
				BUNDLE_LOADER = "$(TEST_HOST)";
				CODE_SIGN_STYLE = Automatic;
				CURRENT_PROJECT_VERSION = 1;
				GENERATE_INFOPLIST_FILE = YES;
				IPHONEOS_DEPLOYMENT_TARGET = 18.0;
				MARKETING_VERSION = 1.0;
				PRODUCT_BUNDLE_IDENTIFIER = siriusTeam.SpraydTests;
				PRODUCT_NAME = "$(TARGET_NAME)";
				STRING_CATALOG_GENERATE_SYMBOLS = NO;
				SWIFT_APPROACHABLE_CONCURRENCY = YES;
				SWIFT_EMIT_LOC_STRINGS = NO;
				SWIFT_UPCOMING_FEATURE_MEMBER_IMPORT_VISIBILITY = YES;
				SWIFT_VERSION = 5.0;
				TARGETED_DEVICE_FAMILY = "1,2";
				TEST_HOST = "$(BUILT_PRODUCTS_DIR)/Sprayd.app/$(BUNDLE_EXECUTABLE_FOLDER_PATH)/Sprayd";
			};
			name = Debug;
		};
		5ED16F362F7C05F5009EB0DA /* Release */ = {
			isa = XCBuildConfiguration;
			buildSettings = {
				BUNDLE_LOADER = "$(TEST_HOST)";
				CODE_SIGN_STYLE = Automatic;
				CURRENT_PROJECT_VERSION = 1;
				GENERATE_INFOPLIST_FILE = YES;
				IPHONEOS_DEPLOYMENT_TARGET = 18.0;
				MARKETING_VERSION = 1.0;
				PRODUCT_BUNDLE_IDENTIFIER = siriusTeam.SpraydTests;
				PRODUCT_NAME = "$(TARGET_NAME)";
				STRING_CATALOG_GENERATE_SYMBOLS = NO;
				SWIFT_APPROACHABLE_CONCURRENCY = YES;
				SWIFT_EMIT_LOC_STRINGS = NO;
				SWIFT_UPCOMING_FEATURE_MEMBER_IMPORT_VISIBILITY = YES;
				SWIFT_VERSION = 5.0;
				TARGETED_DEVICE_FAMILY = "1,2";
				TEST_HOST = "$(BUILT_PRODUCTS_DIR)/Sprayd.app/$(BUNDLE_EXECUTABLE_FOLDER_PATH)/Sprayd";
			};
			name = Release;
		};
		5ED16F382F7C05F5009EB0DA /* Debug */ = {
			isa = XCBuildConfiguration;
			buildSettings = {
				CODE_SIGN_STYLE = Automatic;
				CURRENT_PROJECT_VERSION = 1;
				GENERATE_INFOPLIST_FILE = YES;
				MARKETING_VERSION = 1.0;
				PRODUCT_BUNDLE_IDENTIFIER = siriusTeam.SpraydUITests;
				PRODUCT_NAME = "$(TARGET_NAME)";
				STRING_CATALOG_GENERATE_SYMBOLS = NO;
				SWIFT_APPROACHABLE_CONCURRENCY = YES;
				SWIFT_EMIT_LOC_STRINGS = NO;
				SWIFT_UPCOMING_FEATURE_MEMBER_IMPORT_VISIBILITY = YES;
				SWIFT_VERSION = 5.0;
				TARGETED_DEVICE_FAMILY = "1,2";
				TEST_TARGET_NAME = Sprayd;
			};
			name = Debug;
		};
		5ED16F392F7C05F5009EB0DA /* Release */ = {
			isa = XCBuildConfiguration;
			buildSettings = {
				CODE_SIGN_STYLE = Automatic;
				CURRENT_PROJECT_VERSION = 1;
				GENERATE_INFOPLIST_FILE = YES;
				MARKETING_VERSION = 1.0;
				PRODUCT_BUNDLE_IDENTIFIER = siriusTeam.SpraydUITests;
				PRODUCT_NAME = "$(TARGET_NAME)";
				STRING_CATALOG_GENERATE_SYMBOLS = NO;
				SWIFT_APPROACHABLE_CONCURRENCY = YES;
				SWIFT_EMIT_LOC_STRINGS = NO;
				SWIFT_UPCOMING_FEATURE_MEMBER_IMPORT_VISIBILITY = YES;
				SWIFT_VERSION = 5.0;
				TARGETED_DEVICE_FAMILY = "1,2";
				TEST_TARGET_NAME = Sprayd;
			};
			name = Release;
		};
/* End XCBuildConfiguration section */

/* Begin XCConfigurationList section */
		5ED16F062F7C05F3009EB0DA /* Build configuration list for PBXProject "Sprayd" */ = {
			isa = XCConfigurationList;
			buildConfigurations = (
				5ED16F322F7C05F5009EB0DA /* Debug */,
				5ED16F332F7C05F5009EB0DA /* Release */,
			);
			defaultConfigurationIsVisible = 0;
			defaultConfigurationName = Release;
		};
		5ED16F2F2F7C05F5009EB0DA /* Build configuration list for PBXNativeTarget "Sprayd" */ = {
			isa = XCConfigurationList;
			buildConfigurations = (
				5ED16F302F7C05F5009EB0DA /* Debug */,
				5ED16F312F7C05F5009EB0DA /* Release */,
			);
			defaultConfigurationIsVisible = 0;
			defaultConfigurationName = Release;
		};
		5ED16F342F7C05F5009EB0DA /* Build configuration list for PBXNativeTarget "SpraydTests" */ = {
			isa = XCConfigurationList;
			buildConfigurations = (
				5ED16F352F7C05F5009EB0DA /* Debug */,
				5ED16F362F7C05F5009EB0DA /* Release */,
			);
			defaultConfigurationIsVisible = 0;
			defaultConfigurationName = Release;
		};
		5ED16F372F7C05F5009EB0DA /* Build configuration list for PBXNativeTarget "SpraydUITests" */ = {
			isa = XCConfigurationList;
			buildConfigurations = (
				5ED16F382F7C05F5009EB0DA /* Debug */,
				5ED16F392F7C05F5009EB0DA /* Release */,
			);
			defaultConfigurationIsVisible = 0;
			defaultConfigurationName = Release;
		};
/* End XCConfigurationList section */
	};
	rootObject = 5ED16F032F7C05F3009EB0DA /* Project object */;
}
